{
  "originHash" : "d8300dca44a7a7b6f8a582b039abf2c24d529dc909d186e817b69b84f386c7fc",
  "pins" : [
    {
      "identity" : "documentreader-swift-package",
      "kind" : "remoteSourceControl",
      "location" : "https://github.com/regulaforensics/DocumentReader-Swift-Package.git",
      "state" : {
        "revision" : "f3c8435664d3384b169743f7ac9b32393ad7aacc",
        "version" : "7.5.4221"
      }
    },
    {
      "identity" : "documentreadermrzrfid-swift-package",
      "kind" : "remoteSourceControl",
      "location" : "https://github.com/regulaforensics/DocumentReaderMRZRFID-Swift-Package.git",
      "state" : {
        "revision" : "20eff0a983e090aac26ed12009cf044b32382fa1",
        "version" : "7.5.11018"
      }
    },
    {
      "identity" : "regulacommon-swift-package",
      "kind" : "remoteSourceControl",
      "location" : "https://github.com/regulaforensics/RegulaCommon-Swift-Package.git",
      "state" : {
        "revision" : "b82c4a97a0787d12c3b53bdf89e43951421c3233",
        "version" : "7.5.935"
      }
    }
  ],
  "version" : 3
}
